// !$*UTF8*$!
{
	archiveVersion = 1;
	classes = {
	};
	objectVersion = 56;
	objects = {

/* Begin PBXBuildFile section */
		BD06842B2971EC8B00886D8F /* DetailViewController.swift in Sources */ = {isa = PBXBuildFile; fileRef = BD06842A2971EC8B00886D8F /* DetailViewController.swift */; };
		BD06842E297201F100886D8F /* InfoEventsCell.swift in Sources */ = {isa = PBXBuildFile; fileRef = BD06842D297201F100886D8F /* InfoEventsCell.swift */; };
		BD0684302972022900886D8F /* FilterCell.swift in Sources */ = {isa = PBXBuildFile; fileRef = BD06842F2972022900886D8F /* FilterCell.swift */; };
		BD0684322972D19D00886D8F /* Constants.swift in Sources */ = {isa = PBXBuildFile; fileRef = BD0684312972D19D00886D8F /* Constants.swift */; };
		BD20A08C297693F2004F47F5 /* RemindersViewController.swift in Sources */ = {isa = PBXBuildFile; fileRef = BD20A08B297693F2004F47F5 /* RemindersViewController.swift */; };
		BD20A08F29769CFE004F47F5 /* InfoBaseRealm.swift in Sources */ = {isa = PBXBuildFile; fileRef = BD20A08E29769CFE004F47F5 /* InfoBaseRealm.swift */; };
		BD856E77298AB31900914D84 /* DetailTeamViewController.swift in Sources */ = {isa = PBXBuildFile; fileRef = BD856E76298AB31900914D84 /* DetailTeamViewController.swift */; };
		BD856E79298B092400914D84 /* SavedTeamsAndPlayersVC.swift in Sources */ = {isa = PBXBuildFile; fileRef = BD856E78298B092400914D84 /* SavedTeamsAndPlayersVC.swift */; };
		BD856E7B298BAC6B00914D84 /* InfoTeamRealm.swift in Sources */ = {isa = PBXBuildFile; fileRef = BD856E7A298BAC6B00914D84 /* InfoTeamRealm.swift */; };
		BD856E7D298BAC7B00914D84 /* InfoPlayerRealm.swift in Sources */ = {isa = PBXBuildFile; fileRef = BD856E7C298BAC7B00914D84 /* InfoPlayerRealm.swift */; };
		BD8EA3EA297EA91500421145 /* PlayersViewController.swift in Sources */ = {isa = PBXBuildFile; fileRef = BD8EA3E9297EA91500421145 /* PlayersViewController.swift */; };
		BD8EA3ED297EC44800421145 /* PlayerCollectionViewCell.swift in Sources */ = {isa = PBXBuildFile; fileRef = BD8EA3EB297EC44800421145 /* PlayerCollectionViewCell.swift */; };
		BD8EA3EE297EC44800421145 /* PlayerCollectionViewCell.xib in Resources */ = {isa = PBXBuildFile; fileRef = BD8EA3EC297EC44800421145 /* PlayerCollectionViewCell.xib */; };
		BD949E24296ED69B008B1C14 /* AppDelegate.swift in Sources */ = {isa = PBXBuildFile; fileRef = BD949E23296ED69B008B1C14 /* AppDelegate.swift */; };
		BD949E26296ED69B008B1C14 /* SceneDelegate.swift in Sources */ = {isa = PBXBuildFile; fileRef = BD949E25296ED69B008B1C14 /* SceneDelegate.swift */; };
		BD949E28296ED69B008B1C14 /* PreloaderController.swift in Sources */ = {isa = PBXBuildFile; fileRef = BD949E27296ED69B008B1C14 /* PreloaderController.swift */; };
		BD949E2B296ED69B008B1C14 /* Main.storyboard in Resources */ = {isa = PBXBuildFile; fileRef = BD949E29296ED69B008B1C14 /* Main.storyboard */; };
		BD949E2D296ED69E008B1C14 /* Assets.xcassets in Resources */ = {isa = PBXBuildFile; fileRef = BD949E2C296ED69E008B1C14 /* Assets.xcassets */; };
		BD949E30296ED69E008B1C14 /* LaunchScreen.storyboard in Resources */ = {isa = PBXBuildFile; fileRef = BD949E2E296ED69E008B1C14 /* LaunchScreen.storyboard */; };
		BD949E38296EE507008B1C14 /* Podfile in Resources */ = {isa = PBXBuildFile; fileRef = BD949E37296EE507008B1C14 /* Podfile */; };
		BD949E3B296EF558008B1C14 /* PresentViewController.swift in Sources */ = {isa = PBXBuildFile; fileRef = BD949E3A296EF558008B1C14 /* PresentViewController.swift */; };
		BD949E44296F0E6A008B1C14 /* UIScrollView+.swift in Sources */ = {isa = PBXBuildFile; fileRef = BD949E43296F0E6A008B1C14 /* UIScrollView+.swift */; };
		BD949E46296F0E85008B1C14 /* UIView+.swift in Sources */ = {isa = PBXBuildFile; fileRef = BD949E45296F0E85008B1C14 /* UIView+.swift */; };
		BD949E49296F5BF0008B1C14 /* Extensions.swift in Sources */ = {isa = PBXBuildFile; fileRef = BD949E48296F5BF0008B1C14 /* Extensions.swift */; };
		BD949E4B296F5F39008B1C14 /* UILabel+.swift in Sources */ = {isa = PBXBuildFile; fileRef = BD949E4A296F5F39008B1C14 /* UILabel+.swift */; };
		BD949E4E297011E7008B1C14 /* Roboto.ttf in Resources */ = {isa = PBXBuildFile; fileRef = BD949E4D297011E7008B1C14 /* Roboto.ttf */; };
		BD949E58297033D8008B1C14 /* Montserrat ExtraBold.ttf in Resources */ = {isa = PBXBuildFile; fileRef = BD949E57297033D8008B1C14 /* Montserrat ExtraBold.ttf */; };
		BD949E5A2970453E008B1C14 /* HomeViewController.swift in Sources */ = {isa = PBXBuildFile; fileRef = BD949E592970453E008B1C14 /* HomeViewController.swift */; };
		BD949E5C29716590008B1C14 /* SettingsViewController.swift in Sources */ = {isa = PBXBuildFile; fileRef = BD949E5B29716590008B1C14 /* SettingsViewController.swift */; };
		BD9B26DC298843BD006EA73F /* Statistics.swift in Sources */ = {isa = PBXBuildFile; fileRef = BD9B26D6298843BD006EA73F /* Statistics.swift */; };
		BD9B26DD298843BD006EA73F /* LiveDataBuffer.swift in Sources */ = {isa = PBXBuildFile; fileRef = BD9B26D7298843BD006EA73F /* LiveDataBuffer.swift */; };
		BD9B26DE298843BD006EA73F /* GameStats.swift in Sources */ = {isa = PBXBuildFile; fileRef = BD9B26D8298843BD006EA73F /* GameStats.swift */; };
		BD9B26DF298843BD006EA73F /* NetworkManager.swift in Sources */ = {isa = PBXBuildFile; fileRef = BD9B26D9298843BD006EA73F /* NetworkManager.swift */; };
		BD9B26E0298843BD006EA73F /* NetworkingExtensions.swift in Sources */ = {isa = PBXBuildFile; fileRef = BD9B26DA298843BD006EA73F /* NetworkingExtensions.swift */; };
		BD9B26E1298843BD006EA73F /* EndpointParameters.swift in Sources */ = {isa = PBXBuildFile; fileRef = BD9B26DB298843BD006EA73F /* EndpointParameters.swift */; };
		BDB581892982810800FA1D7B /* Alamofire in Frameworks */ = {isa = PBXBuildFile; productRef = BDB581882982810800FA1D7B /* Alamofire */; };
		BDB5818C2982814E00FA1D7B /* SnapKit in Frameworks */ = {isa = PBXBuildFile; productRef = BDB5818B2982814E00FA1D7B /* SnapKit */; };
		BDB5818F298281C200FA1D7B /* Kingfisher in Frameworks */ = {isa = PBXBuildFile; productRef = BDB5818E298281C200FA1D7B /* Kingfisher */; };
		BDB58192298282A200FA1D7B /* RealmSwift in Frameworks */ = {isa = PBXBuildFile; productRef = BDB58191298282A200FA1D7B /* RealmSwift */; };
		BDB581942982970B00FA1D7B /* RemindersCollectionViewCell.swift in Sources */ = {isa = PBXBuildFile; fileRef = BDB581932982970B00FA1D7B /* RemindersCollectionViewCell.swift */; };
		BDE80FD629812BAA0029333F /* UniversalViewController.swift in Sources */ = {isa = PBXBuildFile; fileRef = BDE80FD529812BAA0029333F /* UniversalViewController.swift */; };
		BDE80FD92981336E0029333F /* ButtonTableViewCell.swift in Sources */ = {isa = PBXBuildFile; fileRef = BDE80FD72981336E0029333F /* ButtonTableViewCell.swift */; };
		BDE80FDA2981336E0029333F /* ButtonTableViewCell.xib in Resources */ = {isa = PBXBuildFile; fileRef = BDE80FD82981336E0029333F /* ButtonTableViewCell.xib */; };
/* End PBXBuildFile section */

/* Begin PBXFileReference section */
		BD06842A2971EC8B00886D8F /* DetailViewController.swift */ = {isa = PBXFileReference; lastKnownFileType = sourcecode.swift; path = DetailViewController.swift; sourceTree = "<group>"; };
		BD06842D297201F100886D8F /* InfoEventsCell.swift */ = {isa = PBXFileReference; lastKnownFileType = sourcecode.swift; path = InfoEventsCell.swift; sourceTree = "<group>"; };
		BD06842F2972022900886D8F /* FilterCell.swift */ = {isa = PBXFileReference; lastKnownFileType = sourcecode.swift; path = FilterCell.swift; sourceTree = "<group>"; };
		BD0684312972D19D00886D8F /* Constants.swift */ = {isa = PBXFileReference; lastKnownFileType = sourcecode.swift; path = Constants.swift; sourceTree = "<group>"; };
		BD20A08B297693F2004F47F5 /* RemindersViewController.swift */ = {isa = PBXFileReference; lastKnownFileType = sourcecode.swift; path = RemindersViewController.swift; sourceTree = "<group>"; };
		BD20A08E29769CFE004F47F5 /* InfoBaseRealm.swift */ = {isa = PBXFileReference; lastKnownFileType = sourcecode.swift; path = InfoBaseRealm.swift; sourceTree = "<group>"; };
		BD856E76298AB31900914D84 /* DetailTeamViewController.swift */ = {isa = PBXFileReference; lastKnownFileType = sourcecode.swift; path = DetailTeamViewController.swift; sourceTree = "<group>"; };
		BD856E78298B092400914D84 /* SavedTeamsAndPlayersVC.swift */ = {isa = PBXFileReference; lastKnownFileType = sourcecode.swift; path = SavedTeamsAndPlayersVC.swift; sourceTree = "<group>"; };
		BD856E7A298BAC6B00914D84 /* InfoTeamRealm.swift */ = {isa = PBXFileReference; lastKnownFileType = sourcecode.swift; path = InfoTeamRealm.swift; sourceTree = "<group>"; };
		BD856E7C298BAC7B00914D84 /* InfoPlayerRealm.swift */ = {isa = PBXFileReference; lastKnownFileType = sourcecode.swift; path = InfoPlayerRealm.swift; sourceTree = "<group>"; };
		BD8EA3E9297EA91500421145 /* PlayersViewController.swift */ = {isa = PBXFileReference; lastKnownFileType = sourcecode.swift; path = PlayersViewController.swift; sourceTree = "<group>"; };
		BD8EA3EB297EC44800421145 /* PlayerCollectionViewCell.swift */ = {isa = PBXFileReference; lastKnownFileType = sourcecode.swift; path = PlayerCollectionViewCell.swift; sourceTree = "<group>"; };
		BD8EA3EC297EC44800421145 /* PlayerCollectionViewCell.xib */ = {isa = PBXFileReference; lastKnownFileType = file.xib; path = PlayerCollectionViewCell.xib; sourceTree = "<group>"; };
		BD949E20296ED69B008B1C14 /* MGM.app */ = {isa = PBXFileReference; explicitFileType = wrapper.application; includeInIndex = 0; path = MGM.app; sourceTree = BUILT_PRODUCTS_DIR; };
		BD949E23296ED69B008B1C14 /* AppDelegate.swift */ = {isa = PBXFileReference; lastKnownFileType = sourcecode.swift; path = AppDelegate.swift; sourceTree = "<group>"; };
		BD949E25296ED69B008B1C14 /* SceneDelegate.swift */ = {isa = PBXFileReference; lastKnownFileType = sourcecode.swift; path = SceneDelegate.swift; sourceTree = "<group>"; };
		BD949E27296ED69B008B1C14 /* PreloaderController.swift */ = {isa = PBXFileReference; lastKnownFileType = sourcecode.swift; path = PreloaderController.swift; sourceTree = "<group>"; };
		BD949E2A296ED69B008B1C14 /* Base */ = {isa = PBXFileReference; lastKnownFileType = file.storyboard; name = Base; path = Base.lproj/Main.storyboard; sourceTree = "<group>"; };
		BD949E2C296ED69E008B1C14 /* Assets.xcassets */ = {isa = PBXFileReference; lastKnownFileType = folder.assetcatalog; path = Assets.xcassets; sourceTree = "<group>"; };
		BD949E2F296ED69E008B1C14 /* Base */ = {isa = PBXFileReference; lastKnownFileType = file.storyboard; name = Base; path = Base.lproj/LaunchScreen.storyboard; sourceTree = "<group>"; };
		BD949E31296ED69E008B1C14 /* Info.plist */ = {isa = PBXFileReference; lastKnownFileType = text.plist.xml; path = Info.plist; sourceTree = "<group>"; };
		BD949E37296EE507008B1C14 /* Podfile */ = {isa = PBXFileReference; fileEncoding = 4; lastKnownFileType = text; path = Podfile; sourceTree = SOURCE_ROOT; xcLanguageSpecificationIdentifier = xcode.lang.ruby; };
		BD949E3A296EF558008B1C14 /* PresentViewController.swift */ = {isa = PBXFileReference; lastKnownFileType = sourcecode.swift; path = PresentViewController.swift; sourceTree = "<group>"; };
		BD949E43296F0E6A008B1C14 /* UIScrollView+.swift */ = {isa = PBXFileReference; fileEncoding = 4; lastKnownFileType = sourcecode.swift; path = "UIScrollView+.swift"; sourceTree = "<group>"; };
		BD949E45296F0E85008B1C14 /* UIView+.swift */ = {isa = PBXFileReference; fileEncoding = 4; lastKnownFileType = sourcecode.swift; path = "UIView+.swift"; sourceTree = "<group>"; };
		BD949E48296F5BF0008B1C14 /* Extensions.swift */ = {isa = PBXFileReference; lastKnownFileType = sourcecode.swift; path = Extensions.swift; sourceTree = "<group>"; };
		BD949E4A296F5F39008B1C14 /* UILabel+.swift */ = {isa = PBXFileReference; fileEncoding = 4; lastKnownFileType = sourcecode.swift; name = "UILabel+.swift"; path = "../../../../../Downloads/PagingViewsTutorial-main/PagingViewsTutorial/Helpers/UILabel+.swift"; sourceTree = "<group>"; };
		BD949E4D297011E7008B1C14 /* Roboto.ttf */ = {isa = PBXFileReference; lastKnownFileType = file; path = Roboto.ttf; sourceTree = "<group>"; };
		BD949E57297033D8008B1C14 /* Montserrat ExtraBold.ttf */ = {isa = PBXFileReference; lastKnownFileType = file; path = "Montserrat ExtraBold.ttf"; sourceTree = "<group>"; };
		BD949E592970453E008B1C14 /* HomeViewController.swift */ = {isa = PBXFileReference; lastKnownFileType = sourcecode.swift; path = HomeViewController.swift; sourceTree = "<group>"; };
		BD949E5B29716590008B1C14 /* SettingsViewController.swift */ = {isa = PBXFileReference; lastKnownFileType = sourcecode.swift; path = SettingsViewController.swift; sourceTree = "<group>"; };
		BD9B26D6298843BD006EA73F /* Statistics.swift */ = {isa = PBXFileReference; fileEncoding = 4; lastKnownFileType = sourcecode.swift; path = Statistics.swift; sourceTree = "<group>"; };
		BD9B26D7298843BD006EA73F /* LiveDataBuffer.swift */ = {isa = PBXFileReference; fileEncoding = 4; lastKnownFileType = sourcecode.swift; path = LiveDataBuffer.swift; sourceTree = "<group>"; };
		BD9B26D8298843BD006EA73F /* GameStats.swift */ = {isa = PBXFileReference; fileEncoding = 4; lastKnownFileType = sourcecode.swift; path = GameStats.swift; sourceTree = "<group>"; };
		BD9B26D9298843BD006EA73F /* NetworkManager.swift */ = {isa = PBXFileReference; fileEncoding = 4; lastKnownFileType = sourcecode.swift; path = NetworkManager.swift; sourceTree = "<group>"; };
		BD9B26DA298843BD006EA73F /* NetworkingExtensions.swift */ = {isa = PBXFileReference; fileEncoding = 4; lastKnownFileType = sourcecode.swift; path = NetworkingExtensions.swift; sourceTree = "<group>"; };
		BD9B26DB298843BD006EA73F /* EndpointParameters.swift */ = {isa = PBXFileReference; fileEncoding = 4; lastKnownFileType = sourcecode.swift; path = EndpointParameters.swift; sourceTree = "<group>"; };
		BDB581932982970B00FA1D7B /* RemindersCollectionViewCell.swift */ = {isa = PBXFileReference; lastKnownFileType = sourcecode.swift; path = RemindersCollectionViewCell.swift; sourceTree = "<group>"; };
		BDE80FD529812BAA0029333F /* UniversalViewController.swift */ = {isa = PBXFileReference; lastKnownFileType = sourcecode.swift; path = UniversalViewController.swift; sourceTree = "<group>"; };
		BDE80FD72981336E0029333F /* ButtonTableViewCell.swift */ = {isa = PBXFileReference; lastKnownFileType = sourcecode.swift; path = ButtonTableViewCell.swift; sourceTree = "<group>"; };
		BDE80FD82981336E0029333F /* ButtonTableViewCell.xib */ = {isa = PBXFileReference; lastKnownFileType = file.xib; path = ButtonTableViewCell.xib; sourceTree = "<group>"; };
/* End PBXFileReference section */

/* Begin PBXFrameworksBuildPhase section */
		BD949E1D296ED69B008B1C14 /* Frameworks */ = {
			isa = PBXFrameworksBuildPhase;
			buildActionMask = 2147483647;
			files = (
				BDB58192298282A200FA1D7B /* RealmSwift in Frameworks */,
				BDB5818F298281C200FA1D7B /* Kingfisher in Frameworks */,
				BDB581892982810800FA1D7B /* Alamofire in Frameworks */,
				BDB5818C2982814E00FA1D7B /* SnapKit in Frameworks */,
			);
			runOnlyForDeploymentPostprocessing = 0;
		};
/* End PBXFrameworksBuildPhase section */

/* Begin PBXGroup section */
		BD068427297199E800886D8F /* Models */ = {
			isa = PBXGroup;
			children = (
				BD9B26D5298843BC006EA73F /* Networking NEW */,
				BD20A08D29769CDB004F47F5 /* Relm Model */,
			);
			path = Models;
			sourceTree = "<group>";
		};
		BD06842C297201D100886D8F /* Cells */ = {
			isa = PBXGroup;
			children = (
				BDE80FDB298133740029333F /* ButtonCell */,
				BDE80FD4298129D20029333F /* PlayerTableCell */,
				BD263CCC29879BB000A10DC1 /* InfoEventsCell */,
				BD06842F2972022900886D8F /* FilterCell.swift */,
				BDB581932982970B00FA1D7B /* RemindersCollectionViewCell.swift */,
			);
			path = Cells;
			sourceTree = "<group>";
		};
		BD20A08D29769CDB004F47F5 /* Relm Model */ = {
			isa = PBXGroup;
			children = (
				BD20A08E29769CFE004F47F5 /* InfoBaseRealm.swift */,
				BD856E7A298BAC6B00914D84 /* InfoTeamRealm.swift */,
				BD856E7C298BAC7B00914D84 /* InfoPlayerRealm.swift */,
			);
			path = "Relm Model";
			sourceTree = "<group>";
		};
		BD263CCC29879BB000A10DC1 /* InfoEventsCell */ = {
			isa = PBXGroup;
			children = (
				BD06842D297201F100886D8F /* InfoEventsCell.swift */,
			);
			path = InfoEventsCell;
			sourceTree = "<group>";
		};
		BD949E17296ED69B008B1C14 = {
			isa = PBXGroup;
			children = (
				BD949E22296ED69B008B1C14 /* MGM */,
				BD949E21296ED69B008B1C14 /* Products */,
			);
			sourceTree = "<group>";
		};
		BD949E21296ED69B008B1C14 /* Products */ = {
			isa = PBXGroup;
			children = (
				BD949E20296ED69B008B1C14 /* MGM.app */,
			);
			name = Products;
			sourceTree = "<group>";
		};
		BD949E22296ED69B008B1C14 /* MGM */ = {
			isa = PBXGroup;
			children = (
				BDB581842981D06000FA1D7B /* Network */,
				BD068427297199E800886D8F /* Models */,
				BD949E4C297011CA008B1C14 /* Fonts */,
				BD949E3C296F069E008B1C14 /* Helpers */,
				BDA9CA842974A51600376320 /* Views */,
				BD949E39296EE559008B1C14 /* Controllers */,
				BD949E23296ED69B008B1C14 /* AppDelegate.swift */,
				BD949E25296ED69B008B1C14 /* SceneDelegate.swift */,
				BD949E2C296ED69E008B1C14 /* Assets.xcassets */,
				BD949E37296EE507008B1C14 /* Podfile */,
				BD949E31296ED69E008B1C14 /* Info.plist */,
			);
			path = MGM;
			sourceTree = "<group>";
		};
		BD949E39296EE559008B1C14 /* Controllers */ = {
			isa = PBXGroup;
			children = (
				BD949E27296ED69B008B1C14 /* PreloaderController.swift */,
				BD856E78298B092400914D84 /* SavedTeamsAndPlayersVC.swift */,
				BDE80FD529812BAA0029333F /* UniversalViewController.swift */,
				BD8EA3E9297EA91500421145 /* PlayersViewController.swift */,
				BD20A08B297693F2004F47F5 /* RemindersViewController.swift */,
				BD949E3A296EF558008B1C14 /* PresentViewController.swift */,
				BD949E592970453E008B1C14 /* HomeViewController.swift */,
				BD949E5B29716590008B1C14 /* SettingsViewController.swift */,
				BD06842A2971EC8B00886D8F /* DetailViewController.swift */,
				BD856E76298AB31900914D84 /* DetailTeamViewController.swift */,
			);
			path = Controllers;
			sourceTree = "<group>";
		};
		BD949E3C296F069E008B1C14 /* Helpers */ = {
			isa = PBXGroup;
			children = (
				BD949E47296F5BDE008B1C14 /* Extensions */,
				BD949E43296F0E6A008B1C14 /* UIScrollView+.swift */,
				BD949E4A296F5F39008B1C14 /* UILabel+.swift */,
				BD949E45296F0E85008B1C14 /* UIView+.swift */,
				BD0684312972D19D00886D8F /* Constants.swift */,
			);
			path = Helpers;
			sourceTree = "<group>";
		};
		BD949E47296F5BDE008B1C14 /* Extensions */ = {
			isa = PBXGroup;
			children = (
				BD949E48296F5BF0008B1C14 /* Extensions.swift */,
			);
			path = Extensions;
			sourceTree = "<group>";
		};
		BD949E4C297011CA008B1C14 /* Fonts */ = {
			isa = PBXGroup;
			children = (
				BD949E4D297011E7008B1C14 /* Roboto.ttf */,
				BD949E57297033D8008B1C14 /* Montserrat ExtraBold.ttf */,
			);
			path = Fonts;
			sourceTree = "<group>";
		};
		BD9B26D5298843BC006EA73F /* Networking NEW */ = {
			isa = PBXGroup;
			children = (
				BD9B26D6298843BD006EA73F /* Statistics.swift */,
				BD9B26D7298843BD006EA73F /* LiveDataBuffer.swift */,
				BD9B26D8298843BD006EA73F /* GameStats.swift */,
				BD9B26D9298843BD006EA73F /* NetworkManager.swift */,
				BD9B26DA298843BD006EA73F /* NetworkingExtensions.swift */,
				BD9B26DB298843BD006EA73F /* EndpointParameters.swift */,
			);
			path = "Networking NEW";
			sourceTree = "<group>";
		};
		BDA9CA832974A4E500376320 /* Storyboards */ = {
			isa = PBXGroup;
			children = (
				BD949E29296ED69B008B1C14 /* Main.storyboard */,
				BD949E2E296ED69E008B1C14 /* LaunchScreen.storyboard */,
			);
			path = Storyboards;
			sourceTree = "<group>";
		};
		BDA9CA842974A51600376320 /* Views */ = {
			isa = PBXGroup;
			children = (
				BDA9CA832974A4E500376320 /* Storyboards */,
				BD06842C297201D100886D8F /* Cells */,
			);
			path = Views;
			sourceTree = "<group>";
		};
		BDB581842981D06000FA1D7B /* Network */ = {
			isa = PBXGroup;
			children = (
			);
			path = Network;
			sourceTree = "<group>";
		};
		BDE80FD4298129D20029333F /* PlayerTableCell */ = {
			isa = PBXGroup;
			children = (
				BD8EA3EB297EC44800421145 /* PlayerCollectionViewCell.swift */,
				BD8EA3EC297EC44800421145 /* PlayerCollectionViewCell.xib */,
			);
			path = PlayerTableCell;
			sourceTree = "<group>";
		};
		BDE80FDB298133740029333F /* ButtonCell */ = {
			isa = PBXGroup;
			children = (
				BDE80FD72981336E0029333F /* ButtonTableViewCell.swift */,
				BDE80FD82981336E0029333F /* ButtonTableViewCell.xib */,
			);
			path = ButtonCell;
			sourceTree = "<group>";
		};
/* End PBXGroup section */

/* Begin PBXNativeTarget section */
		BD949E1F296ED69B008B1C14 /* MGM */ = {
			isa = PBXNativeTarget;
			buildConfigurationList = BD949E34296ED69E008B1C14 /* Build configuration list for PBXNativeTarget "MGM" */;
			buildPhases = (
				BD949E1C296ED69B008B1C14 /* Sources */,
				BD949E1D296ED69B008B1C14 /* Frameworks */,
				BD949E1E296ED69B008B1C14 /* Resources */,
			);
			buildRules = (
			);
			dependencies = (
			);
			name = MGM;
			packageProductDependencies = (
				BDB581882982810800FA1D7B /* Alamofire */,
				BDB5818B2982814E00FA1D7B /* SnapKit */,
				BDB5818E298281C200FA1D7B /* Kingfisher */,
				BDB58191298282A200FA1D7B /* RealmSwift */,
			);
			productName = MGM;
			productReference = BD949E20296ED69B008B1C14 /* MGM.app */;
			productType = "com.apple.product-type.application";
		};
/* End PBXNativeTarget section */

/* Begin PBXProject section */
		BD949E18296ED69B008B1C14 /* Project object */ = {
			isa = PBXProject;
			attributes = {
				BuildIndependentTargetsInParallel = 1;
				KnownAssetTags = (
					monsterat,
				);
				LastSwiftUpdateCheck = 1400;
				LastUpgradeCheck = 1400;
				TargetAttributes = {
					BD949E1F296ED69B008B1C14 = {
						CreatedOnToolsVersion = 14.0.1;
					};
				};
			};
			buildConfigurationList = BD949E1B296ED69B008B1C14 /* Build configuration list for PBXProject "MGM" */;
			compatibilityVersion = "Xcode 14.0";
			developmentRegion = en;
			hasScannedForEncodings = 0;
			knownRegions = (
				en,
				Base,
			);
			mainGroup = BD949E17296ED69B008B1C14;
			packageReferences = (
				BDB581872982810800FA1D7B /* XCRemoteSwiftPackageReference "Alamofire" */,
				BDB5818A2982814E00FA1D7B /* XCRemoteSwiftPackageReference "SnapKit" */,
				BDB5818D298281C200FA1D7B /* XCRemoteSwiftPackageReference "Kingfisher" */,
				BDB58190298282A200FA1D7B /* XCRemoteSwiftPackageReference "realm-swift" */,
			);
			productRefGroup = BD949E21296ED69B008B1C14 /* Products */;
			projectDirPath = "";
			projectRoot = "";
			targets = (
				BD949E1F296ED69B008B1C14 /* MGM */,
			);
		};
/* End PBXProject section */

/* Begin PBXResourcesBuildPhase section */
		BD949E1E296ED69B008B1C14 /* Resources */ = {
			isa = PBXResourcesBuildPhase;
			buildActionMask = 2147483647;
			files = (
				BDE80FDA2981336E0029333F /* ButtonTableViewCell.xib in Resources */,
				BD949E4E297011E7008B1C14 /* Roboto.ttf in Resources */,
				BD949E30296ED69E008B1C14 /* LaunchScreen.storyboard in Resources */,
				BD949E2D296ED69E008B1C14 /* Assets.xcassets in Resources */,
				BD949E38296EE507008B1C14 /* Podfile in Resources */,
				BD949E58297033D8008B1C14 /* Montserrat ExtraBold.ttf in Resources */,
				BD949E2B296ED69B008B1C14 /* Main.storyboard in Resources */,
				BD8EA3EE297EC44800421145 /* PlayerCollectionViewCell.xib in Resources */,
			);
			runOnlyForDeploymentPostprocessing = 0;
		};
/* End PBXResourcesBuildPhase section */

/* Begin PBXSourcesBuildPhase section */
		BD949E1C296ED69B008B1C14 /* Sources */ = {
			isa = PBXSourcesBuildPhase;
			buildActionMask = 2147483647;
			files = (
				BDE80FD92981336E0029333F /* ButtonTableViewCell.swift in Sources */,
				BDB581942982970B00FA1D7B /* RemindersCollectionViewCell.swift in Sources */,
				BD856E7B298BAC6B00914D84 /* InfoTeamRealm.swift in Sources */,
				BD856E77298AB31900914D84 /* DetailTeamViewController.swift in Sources */,
				BD9B26E1298843BD006EA73F /* EndpointParameters.swift in Sources */,
				BD856E7D298BAC7B00914D84 /* InfoPlayerRealm.swift in Sources */,
				BD9B26DC298843BD006EA73F /* Statistics.swift in Sources */,
				BDE80FD629812BAA0029333F /* UniversalViewController.swift in Sources */,
				BD949E46296F0E85008B1C14 /* UIView+.swift in Sources */,
				BD949E28296ED69B008B1C14 /* PreloaderController.swift in Sources */,
				BD06842B2971EC8B00886D8F /* DetailViewController.swift in Sources */,
				BD8EA3EA297EA91500421145 /* PlayersViewController.swift in Sources */,
				BD949E4B296F5F39008B1C14 /* UILabel+.swift in Sources */,
				BD20A08F29769CFE004F47F5 /* InfoBaseRealm.swift in Sources */,
				BD949E5C29716590008B1C14 /* SettingsViewController.swift in Sources */,
				BD9B26E0298843BD006EA73F /* NetworkingExtensions.swift in Sources */,
				BD856E79298B092400914D84 /* SavedTeamsAndPlayersVC.swift in Sources */,
				BD9B26DE298843BD006EA73F /* GameStats.swift in Sources */,
				BD0684322972D19D00886D8F /* Constants.swift in Sources */,
				BD20A08C297693F2004F47F5 /* RemindersViewController.swift in Sources */,
				BD949E24296ED69B008B1C14 /* AppDelegate.swift in Sources */,
				BD949E44296F0E6A008B1C14 /* UIScrollView+.swift in Sources */,
				BD0684302972022900886D8F /* FilterCell.swift in Sources */,
				BD949E5A2970453E008B1C14 /* HomeViewController.swift in Sources */,
				BD06842E297201F100886D8F /* InfoEventsCell.swift in Sources */,
				BD949E3B296EF558008B1C14 /* PresentViewController.swift in Sources */,
				BD949E26296ED69B008B1C14 /* SceneDelegate.swift in Sources */,
				BD8EA3ED297EC44800421145 /* PlayerCollectionViewCell.swift in Sources */,
				BD9B26DF298843BD006EA73F /* NetworkManager.swift in Sources */,
				BD949E49296F5BF0008B1C14 /* Extensions.swift in Sources */,
				BD9B26DD298843BD006EA73F /* LiveDataBuffer.swift in Sources */,
			);
			runOnlyForDeploymentPostprocessing = 0;
		};
/* End PBXSourcesBuildPhase section */

/* Begin PBXVariantGroup section */
		BD949E29296ED69B008B1C14 /* Main.storyboard */ = {
			isa = PBXVariantGroup;
			children = (
				BD949E2A296ED69B008B1C14 /* Base */,
			);
			name = Main.storyboard;
			sourceTree = "<group>";
		};
		BD949E2E296ED69E008B1C14 /* LaunchScreen.storyboard */ = {
			isa = PBXVariantGroup;
			children = (
				BD949E2F296ED69E008B1C14 /* Base */,
			);
			name = LaunchScreen.storyboard;
			sourceTree = "<group>";
		};
/* End PBXVariantGroup section */

/* Begin XCBuildConfiguration section */
		BD949E32296ED69E008B1C14 /* Debug */ = {
			isa = XCBuildConfiguration;
			buildSettings = {
				ALWAYS_SEARCH_USER_PATHS = NO;
				CLANG_ANALYZER_NONNULL = YES;
				CLANG_ANALYZER_NUMBER_OBJECT_CONVERSION = YES_AGGRESSIVE;
				CLANG_CXX_LANGUAGE_STANDARD = "gnu++20";
				CLANG_ENABLE_MODULES = YES;
				CLANG_ENABLE_OBJC_ARC = YES;
				CLANG_ENABLE_OBJC_WEAK = YES;
				CLANG_WARN_BLOCK_CAPTURE_AUTORELEASING = YES;
				CLANG_WARN_BOOL_CONVERSION = YES;
				CLANG_WARN_COMMA = YES;
				CLANG_WARN_CONSTANT_CONVERSION = YES;
				CLANG_WARN_DEPRECATED_OBJC_IMPLEMENTATIONS = YES;
				CLANG_WARN_DIRECT_OBJC_ISA_USAGE = YES_ERROR;
				CLANG_WARN_DOCUMENTATION_COMMENTS = YES;
				CLANG_WARN_EMPTY_BODY = YES;
				CLANG_WARN_ENUM_CONVERSION = YES;
				CLANG_WARN_INFINITE_RECURSION = YES;
				CLANG_WARN_INT_CONVERSION = YES;
				CLANG_WARN_NON_LITERAL_NULL_CONVERSION = YES;
				CLANG_WARN_OBJC_IMPLICIT_RETAIN_SELF = YES;
				CLANG_WARN_OBJC_LITERAL_CONVERSION = YES;
				CLANG_WARN_OBJC_ROOT_CLASS = YES_ERROR;
				CLANG_WARN_QUOTED_INCLUDE_IN_FRAMEWORK_HEADER = YES;
				CLANG_WARN_RANGE_LOOP_ANALYSIS = YES;
				CLANG_WARN_STRICT_PROTOTYPES = YES;
				CLANG_WARN_SUSPICIOUS_MOVE = YES;
				CLANG_WARN_UNGUARDED_AVAILABILITY = YES_AGGRESSIVE;
				CLANG_WARN_UNREACHABLE_CODE = YES;
				CLANG_WARN__DUPLICATE_METHOD_MATCH = YES;
				COPY_PHASE_STRIP = NO;
				DEBUG_INFORMATION_FORMAT = dwarf;
				ENABLE_STRICT_OBJC_MSGSEND = YES;
				ENABLE_TESTABILITY = YES;
				GCC_C_LANGUAGE_STANDARD = gnu11;
				GCC_DYNAMIC_NO_PIC = NO;
				GCC_NO_COMMON_BLOCKS = YES;
				GCC_OPTIMIZATION_LEVEL = 0;
				GCC_PREPROCESSOR_DEFINITIONS = (
					"DEBUG=1",
					"$(inherited)",
				);
				GCC_WARN_64_TO_32_BIT_CONVERSION = YES;
				GCC_WARN_ABOUT_RETURN_TYPE = YES_ERROR;
				GCC_WARN_UNDECLARED_SELECTOR = YES;
				GCC_WARN_UNINITIALIZED_AUTOS = YES_AGGRESSIVE;
				GCC_WARN_UNUSED_FUNCTION = YES;
				GCC_WARN_UNUSED_VARIABLE = YES;
				IPHONEOS_DEPLOYMENT_TARGET = 16.0;
				MTL_ENABLE_DEBUG_INFO = INCLUDE_SOURCE;
				MTL_FAST_MATH = YES;
				ONLY_ACTIVE_ARCH = YES;
				SDKROOT = iphoneos;
				SWIFT_ACTIVE_COMPILATION_CONDITIONS = DEBUG;
				SWIFT_OPTIMIZATION_LEVEL = "-Onone";
			};
			name = Debug;
		};
		BD949E33296ED69E008B1C14 /* Release */ = {
			isa = XCBuildConfiguration;
			buildSettings = {
				ALWAYS_SEARCH_USER_PATHS = NO;
				CLANG_ANALYZER_NONNULL = YES;
				CLANG_ANALYZER_NUMBER_OBJECT_CONVERSION = YES_AGGRESSIVE;
				CLANG_CXX_LANGUAGE_STANDARD = "gnu++20";
				CLANG_ENABLE_MODULES = YES;
				CLANG_ENABLE_OBJC_ARC = YES;
				CLANG_ENABLE_OBJC_WEAK = YES;
				CLANG_WARN_BLOCK_CAPTURE_AUTORELEASING = YES;
				CLANG_WARN_BOOL_CONVERSION = YES;
				CLANG_WARN_COMMA = YES;
				CLANG_WARN_CONSTANT_CONVERSION = YES;
				CLANG_WARN_DEPRECATED_OBJC_IMPLEMENTATIONS = YES;
				CLANG_WARN_DIRECT_OBJC_ISA_USAGE = YES_ERROR;
				CLANG_WARN_DOCUMENTATION_COMMENTS = YES;
				CLANG_WARN_EMPTY_BODY = YES;
				CLANG_WARN_ENUM_CONVERSION = YES;
				CLANG_WARN_INFINITE_RECURSION = YES;
				CLANG_WARN_INT_CONVERSION = YES;
				CLANG_WARN_NON_LITERAL_NULL_CONVERSION = YES;
				CLANG_WARN_OBJC_IMPLICIT_RETAIN_SELF = YES;
				CLANG_WARN_OBJC_LITERAL_CONVERSION = YES;
				CLANG_WARN_OBJC_ROOT_CLASS = YES_ERROR;
				CLANG_WARN_QUOTED_INCLUDE_IN_FRAMEWORK_HEADER = YES;
				CLANG_WARN_RANGE_LOOP_ANALYSIS = YES;
				CLANG_WARN_STRICT_PROTOTYPES = YES;
				CLANG_WARN_SUSPICIOUS_MOVE = YES;
				CLANG_WARN_UNGUARDED_AVAILABILITY = YES_AGGRESSIVE;
				CLANG_WARN_UNREACHABLE_CODE = YES;
				CLANG_WARN__DUPLICATE_METHOD_MATCH = YES;
				COPY_PHASE_STRIP = NO;
				DEBUG_INFORMATION_FORMAT = "dwarf-with-dsym";
				ENABLE_NS_ASSERTIONS = NO;
				ENABLE_STRICT_OBJC_MSGSEND = YES;
				GCC_C_LANGUAGE_STANDARD = gnu11;
				GCC_NO_COMMON_BLOCKS = YES;
				GCC_WARN_64_TO_32_BIT_CONVERSION = YES;
				GCC_WARN_ABOUT_RETURN_TYPE = YES_ERROR;
				GCC_WARN_UNDECLARED_SELECTOR = YES;
				GCC_WARN_UNINITIALIZED_AUTOS = YES_AGGRESSIVE;
				GCC_WARN_UNUSED_FUNCTION = YES;
				GCC_WARN_UNUSED_VARIABLE = YES;
				IPHONEOS_DEPLOYMENT_TARGET = 16.0;
				MTL_ENABLE_DEBUG_INFO = NO;
				MTL_FAST_MATH = YES;
				SDKROOT = iphoneos;
				SWIFT_COMPILATION_MODE = wholemodule;
				SWIFT_OPTIMIZATION_LEVEL = "-O";
				VALIDATE_PRODUCT = YES;
			};
			name = Release;
		};
		BD949E35296ED69E008B1C14 /* Debug */ = {
			isa = XCBuildConfiguration;
			buildSettings = {
				ASSETCATALOG_COMPILER_APPICON_NAME = AppIcon;
				ASSETCATALOG_COMPILER_GLOBAL_ACCENT_COLOR_NAME = AccentColor;
				CODE_SIGN_STYLE = Automatic;
				CURRENT_PROJECT_VERSION = 1;
				DEVELOPMENT_TEAM = 6R59JHT6PY;
				GENERATE_INFOPLIST_FILE = YES;
				INFOPLIST_FILE = MGM/Info.plist;
				INFOPLIST_KEY_UIApplicationSupportsIndirectInputEvents = YES;
				INFOPLIST_KEY_UILaunchStoryboardName = LaunchScreen;
				INFOPLIST_KEY_UIMainStoryboardFile = Main;
				INFOPLIST_KEY_UISupportedInterfaceOrientations_iPad = "UIInterfaceOrientationPortrait UIInterfaceOrientationPortraitUpsideDown UIInterfaceOrientationLandscapeLeft UIInterfaceOrientationLandscapeRight";
				INFOPLIST_KEY_UISupportedInterfaceOrientations_iPhone = "UIInterfaceOrientationPortrait UIInterfaceOrientationLandscapeLeft UIInterfaceOrientationLandscapeRight";
				IPHONEOS_DEPLOYMENT_TARGET = 15.0;
				LD_RUNPATH_SEARCH_PATHS = (
					"$(inherited)",
					"@executable_path/Frameworks",
				);
				MARKETING_VERSION = 1.0;
				PRODUCT_BUNDLE_IDENTIFIER = drukstore.MGM;
				PRODUCT_NAME = "$(TARGET_NAME)";
				SWIFT_EMIT_LOC_STRINGS = YES;
				SWIFT_VERSION = 5.0;
				TARGETED_DEVICE_FAMILY = "1,2";
			};
			name = Debug;
		};
		BD949E36296ED69E008B1C14 /* Release */ = {
			isa = XCBuildConfiguration;
			buildSettings = {
				ASSETCATALOG_COMPILER_APPICON_NAME = AppIcon;
				ASSETCATALOG_COMPILER_GLOBAL_ACCENT_COLOR_NAME = AccentColor;
				CODE_SIGN_STYLE = Automatic;
				CURRENT_PROJECT_VERSION = 1;
				DEVELOPMENT_TEAM = 6R59JHT6PY;
				GENERATE_INFOPLIST_FILE = YES;
				INFOPLIST_FILE = MGM/Info.plist;
				INFOPLIST_KEY_UIApplicationSupportsIndirectInputEvents = YES;
				INFOPLIST_KEY_UILaunchStoryboardName = LaunchScreen;
				INFOPLIST_KEY_UIMainStoryboardFile = Main;
				INFOPLIST_KEY_UISupportedInterfaceOrientations_iPad = "UIInterfaceOrientationPortrait UIInterfaceOrientationPortraitUpsideDown UIInterfaceOrientationLandscapeLeft UIInterfaceOrientationLandscapeRight";
				INFOPLIST_KEY_UISupportedInterfaceOrientations_iPhone = "UIInterfaceOrientationPortrait UIInterfaceOrientationLandscapeLeft UIInterfaceOrientationLandscapeRight";
				IPHONEOS_DEPLOYMENT_TARGET = 15.0;
				LD_RUNPATH_SEARCH_PATHS = (
					"$(inherited)",
					"@executable_path/Frameworks",
				);
				MARKETING_VERSION = 1.0;
				PRODUCT_BUNDLE_IDENTIFIER = drukstore.MGM;
				PRODUCT_NAME = "$(TARGET_NAME)";
				SWIFT_EMIT_LOC_STRINGS = YES;
				SWIFT_VERSION = 5.0;
				TARGETED_DEVICE_FAMILY = "1,2";
			};
			name = Release;
		};
/* End XCBuildConfiguration section */

/* Begin XCConfigurationList section */
		BD949E1B296ED69B008B1C14 /* Build configuration list for PBXProject "MGM" */ = {
			isa = XCConfigurationList;
			buildConfigurations = (
				BD949E32296ED69E008B1C14 /* Debug */,
				BD949E33296ED69E008B1C14 /* Release */,
			);
			defaultConfigurationIsVisible = 0;
			defaultConfigurationName = Release;
		};
		BD949E34296ED69E008B1C14 /* Build configuration list for PBXNativeTarget "MGM" */ = {
			isa = XCConfigurationList;
			buildConfigurations = (
				BD949E35296ED69E008B1C14 /* Debug */,
				BD949E36296ED69E008B1C14 /* Release */,
			);
			defaultConfigurationIsVisible = 0;
			defaultConfigurationName = Release;
		};
/* End XCConfigurationList section */

/* Begin XCRemoteSwiftPackageReference section */
		BDB581872982810800FA1D7B /* XCRemoteSwiftPackageReference "Alamofire" */ = {
			isa = XCRemoteSwiftPackageReference;
			repositoryURL = "https://github.com/Alamofire/Alamofire.git";
			requirement = {
				kind = upToNextMajorVersion;
				minimumVersion = 5.0.0;
			};
		};
		BDB5818A2982814E00FA1D7B /* XCRemoteSwiftPackageReference "SnapKit" */ = {
			isa = XCRemoteSwiftPackageReference;
			repositoryURL = "https://github.com/SnapKit/SnapKit.git";
			requirement = {
				kind = upToNextMajorVersion;
				minimumVersion = 5.0.0;
			};
		};
		BDB5818D298281C200FA1D7B /* XCRemoteSwiftPackageReference "Kingfisher" */ = {
			isa = XCRemoteSwiftPackageReference;
			repositoryURL = "https://github.com/onevcat/Kingfisher.git";
			requirement = {
				kind = upToNextMajorVersion;
				minimumVersion = 7.0.0;
			};
		};
		BDB58190298282A200FA1D7B /* XCRemoteSwiftPackageReference "realm-swift" */ = {
			isa = XCRemoteSwiftPackageReference;
			repositoryURL = "https://github.com/realm/realm-swift.git";
			requirement = {
				branch = master;
				kind = branch;
			};
		};
/* End XCRemoteSwiftPackageReference section */

/* Begin XCSwiftPackageProductDependency section */
		BDB581882982810800FA1D7B /* Alamofire */ = {
			isa = XCSwiftPackageProductDependency;
			package = BDB581872982810800FA1D7B /* XCRemoteSwiftPackageReference "Alamofire" */;
			productName = Alamofire;
		};
		BDB5818B2982814E00FA1D7B /* SnapKit */ = {
			isa = XCSwiftPackageProductDependency;
			package = BDB5818A2982814E00FA1D7B /* XCRemoteSwiftPackageReference "SnapKit" */;
			productName = SnapKit;
		};
		BDB5818E298281C200FA1D7B /* Kingfisher */ = {
			isa = XCSwiftPackageProductDependency;
			package = BDB5818D298281C200FA1D7B /* XCRemoteSwiftPackageReference "Kingfisher" */;
			productName = Kingfisher;
		};
		BDB58191298282A200FA1D7B /* RealmSwift */ = {
			isa = XCSwiftPackageProductDependency;
			package = BDB58190298282A200FA1D7B /* XCRemoteSwiftPackageReference "realm-swift" */;
			productName = RealmSwift;
		};
/* End XCSwiftPackageProductDependency section */
	};
	rootObject = BD949E18296ED69B008B1C14 /* Project object */;
}
