// !$*UTF8*$!
{
	archiveVersion = 1;
	classes = {
	};
	objectVersion = 56;
	objects = {

/* Begin PBXBuildFile section */
		45D78B866E29B13957EF4020 /* Pods_MGM.framework in Frameworks */ = {isa = PBXBuildFile; fileRef = 7B21664A0CE38A11E3903788 /* Pods_MGM.framework */; };
		BD949E24296ED69B008B1C14 /* AppDelegate.swift in Sources */ = {isa = PBXBuildFile; fileRef = BD949E23296ED69B008B1C14 /* AppDelegate.swift */; };
		BD949E26296ED69B008B1C14 /* SceneDelegate.swift in Sources */ = {isa = PBXBuildFile; fileRef = BD949E25296ED69B008B1C14 /* SceneDelegate.swift */; };
		BD949E28296ED69B008B1C14 /* PreloaderController.swift in Sources */ = {isa = PBXBuildFile; fileRef = BD949E27296ED69B008B1C14 /* PreloaderController.swift */; };
		BD949E2B296ED69B008B1C14 /* Main.storyboard in Resources */ = {isa = PBXBuildFile; fileRef = BD949E29296ED69B008B1C14 /* Main.storyboard */; };
		BD949E2D296ED69E008B1C14 /* Assets.xcassets in Resources */ = {isa = PBXBuildFile; fileRef = BD949E2C296ED69E008B1C14 /* Assets.xcassets */; };
		BD949E30296ED69E008B1C14 /* LaunchScreen.storyboard in Resources */ = {isa = PBXBuildFile; fileRef = BD949E2E296ED69E008B1C14 /* LaunchScreen.storyboard */; };
		BD949E38296EE507008B1C14 /* Podfile in Resources */ = {isa = PBXBuildFile; fileRef = BD949E37296EE507008B1C14 /* Podfile */; };
		BD949E3B296EF558008B1C14 /* PresentViewController.swift in Sources */ = {isa = PBXBuildFile; fileRef = BD949E3A296EF558008B1C14 /* PresentViewController.swift */; };
		BD949E44296F0E6A008B1C14 /* UIScrollView+.swift in Sources */ = {isa = PBXBuildFile; fileRef = BD949E43296F0E6A008B1C14 /* UIScrollView+.swift */; };
		BD949E46296F0E85008B1C14 /* UIView+.swift in Sources */ = {isa = PBXBuildFile; fileRef = BD949E45296F0E85008B1C14 /* UIView+.swift */; };
/* End PBXBuildFile section */

/* Begin PBXFileReference section */
		087EFD219A3D77B9B7956740 /* Pods-MGM.release.xcconfig */ = {isa = PBXFileReference; includeInIndex = 1; lastKnownFileType = text.xcconfig; name = "Pods-MGM.release.xcconfig"; path = "Target Support Files/Pods-MGM/Pods-MGM.release.xcconfig"; sourceTree = "<group>"; };
		7B21664A0CE38A11E3903788 /* Pods_MGM.framework */ = {isa = PBXFileReference; explicitFileType = wrapper.framework; includeInIndex = 0; path = Pods_MGM.framework; sourceTree = BUILT_PRODUCTS_DIR; };
		A8129B6208931FC146AC835E /* Pods-MGM.debug.xcconfig */ = {isa = PBXFileReference; includeInIndex = 1; lastKnownFileType = text.xcconfig; name = "Pods-MGM.debug.xcconfig"; path = "Target Support Files/Pods-MGM/Pods-MGM.debug.xcconfig"; sourceTree = "<group>"; };
		BD949E20296ED69B008B1C14 /* MGM.app */ = {isa = PBXFileReference; explicitFileType = wrapper.application; includeInIndex = 0; path = MGM.app; sourceTree = BUILT_PRODUCTS_DIR; };
		BD949E23296ED69B008B1C14 /* AppDelegate.swift */ = {isa = PBXFileReference; lastKnownFileType = sourcecode.swift; path = AppDelegate.swift; sourceTree = "<group>"; };
		BD949E25296ED69B008B1C14 /* SceneDelegate.swift */ = {isa = PBXFileReference; lastKnownFileType = sourcecode.swift; path = SceneDelegate.swift; sourceTree = "<group>"; };
		BD949E27296ED69B008B1C14 /* PreloaderController.swift */ = {isa = PBXFileReference; lastKnownFileType = sourcecode.swift; path = PreloaderController.swift; sourceTree = "<group>"; };
		BD949E2A296ED69B008B1C14 /* Base */ = {isa = PBXFileReference; lastKnownFileType = file.storyboard; name = Base; path = Base.lproj/Main.storyboard; sourceTree = "<group>"; };
		BD949E2C296ED69E008B1C14 /* Assets.xcassets */ = {isa = PBXFileReference; lastKnownFileType = folder.assetcatalog; path = Assets.xcassets; sourceTree = "<group>"; };
		BD949E2F296ED69E008B1C14 /* Base */ = {isa = PBXFileReference; lastKnownFileType = file.storyboard; name = Base; path = Base.lproj/LaunchScreen.storyboard; sourceTree = "<group>"; };
		BD949E31296ED69E008B1C14 /* Info.plist */ = {isa = PBXFileReference; lastKnownFileType = text.plist.xml; path = Info.plist; sourceTree = "<group>"; };
		BD949E37296EE507008B1C14 /* Podfile */ = {isa = PBXFileReference; fileEncoding = 4; lastKnownFileType = text; path = Podfile; sourceTree = SOURCE_ROOT; };
		BD949E3A296EF558008B1C14 /* PresentViewController.swift */ = {isa = PBXFileReference; lastKnownFileType = sourcecode.swift; path = PresentViewController.swift; sourceTree = "<group>"; };
		BD949E43296F0E6A008B1C14 /* UIScrollView+.swift */ = {isa = PBXFileReference; fileEncoding = 4; lastKnownFileType = sourcecode.swift; path = "UIScrollView+.swift"; sourceTree = "<group>"; };
		BD949E45296F0E85008B1C14 /* UIView+.swift */ = {isa = PBXFileReference; fileEncoding = 4; lastKnownFileType = sourcecode.swift; path = "UIView+.swift"; sourceTree = "<group>"; };
/* End PBXFileReference section */

/* Begin PBXFrameworksBuildPhase section */
		BD949E1D296ED69B008B1C14 /* Frameworks */ = {
			isa = PBXFrameworksBuildPhase;
			buildActionMask = 2147483647;
			files = (
				45D78B866E29B13957EF4020 /* Pods_MGM.framework in Frameworks */,
			);
			runOnlyForDeploymentPostprocessing = 0;
		};
/* End PBXFrameworksBuildPhase section */

/* Begin PBXGroup section */
		596BF7793E26EC2BE3737B59 /* Frameworks */ = {
			isa = PBXGroup;
			children = (
				7B21664A0CE38A11E3903788 /* Pods_MGM.framework */,
			);
			name = Frameworks;
			sourceTree = "<group>";
		};
		BD949E17296ED69B008B1C14 = {
			isa = PBXGroup;
			children = (
				BD949E22296ED69B008B1C14 /* MGM */,
				BD949E21296ED69B008B1C14 /* Products */,
				F0AFF63887B3BE576F99F2AC /* Pods */,
				596BF7793E26EC2BE3737B59 /* Frameworks */,
			);
			sourceTree = "<group>";
		};
		BD949E21296ED69B008B1C14 /* Products */ = {
			isa = PBXGroup;
			children = (
				BD949E20296ED69B008B1C14 /* MGM.app */,
			);
			name = Products;
			sourceTree = "<group>";
		};
		BD949E22296ED69B008B1C14 /* MGM */ = {
			isa = PBXGroup;
			children = (
				BD949E3C296F069E008B1C14 /* Helpers */,
				BD949E39296EE559008B1C14 /* VievControllers */,
				BD949E23296ED69B008B1C14 /* AppDelegate.swift */,
				BD949E25296ED69B008B1C14 /* SceneDelegate.swift */,
				BD949E29296ED69B008B1C14 /* Main.storyboard */,
				BD949E2C296ED69E008B1C14 /* Assets.xcassets */,
				BD949E2E296ED69E008B1C14 /* LaunchScreen.storyboard */,
				BD949E37296EE507008B1C14 /* Podfile */,
				BD949E31296ED69E008B1C14 /* Info.plist */,
			);
			path = MGM;
			sourceTree = "<group>";
		};
		BD949E39296EE559008B1C14 /* VievControllers */ = {
			isa = PBXGroup;
			children = (
				BD949E27296ED69B008B1C14 /* PreloaderController.swift */,
				BD949E3A296EF558008B1C14 /* PresentViewController.swift */,
			);
			path = VievControllers;
			sourceTree = "<group>";
		};
		BD949E3C296F069E008B1C14 /* Helpers */ = {
			isa = PBXGroup;
			children = (
				BD949E43296F0E6A008B1C14 /* UIScrollView+.swift */,
				BD949E45296F0E85008B1C14 /* UIView+.swift */,
			);
			path = Helpers;
			sourceTree = "<group>";
		};
		F0AFF63887B3BE576F99F2AC /* Pods */ = {
			isa = PBXGroup;
			children = (
				A8129B6208931FC146AC835E /* Pods-MGM.debug.xcconfig */,
				087EFD219A3D77B9B7956740 /* Pods-MGM.release.xcconfig */,
			);
			path = Pods;
			sourceTree = "<group>";
		};
/* End PBXGroup section */

/* Begin PBXNativeTarget section */
		BD949E1F296ED69B008B1C14 /* MGM */ = {
			isa = PBXNativeTarget;
			buildConfigurationList = BD949E34296ED69E008B1C14 /* Build configuration list for PBXNativeTarget "MGM" */;
			buildPhases = (
				80701464C70583CB6D2802FA /* [CP] Check Pods Manifest.lock */,
				BD949E1C296ED69B008B1C14 /* Sources */,
				BD949E1D296ED69B008B1C14 /* Frameworks */,
				BD949E1E296ED69B008B1C14 /* Resources */,
				9A530F9063ADDEDD49F24471 /* [CP] Embed Pods Frameworks */,
			);
			buildRules = (
			);
			dependencies = (
			);
			name = MGM;
			productName = MGM;
			productReference = BD949E20296ED69B008B1C14 /* MGM.app */;
			productType = "com.apple.product-type.application";
		};
/* End PBXNativeTarget section */

/* Begin PBXProject section */
		BD949E18296ED69B008B1C14 /* Project object */ = {
			isa = PBXProject;
			attributes = {
				BuildIndependentTargetsInParallel = 1;
				LastSwiftUpdateCheck = 1400;
				LastUpgradeCheck = 1400;
				TargetAttributes = {
					BD949E1F296ED69B008B1C14 = {
						CreatedOnToolsVersion = 14.0.1;
					};
				};
			};
			buildConfigurationList = BD949E1B296ED69B008B1C14 /* Build configuration list for PBXProject "MGM" */;
			compatibilityVersion = "Xcode 14.0";
			developmentRegion = en;
			hasScannedForEncodings = 0;
			knownRegions = (
				en,
				Base,
			);
			mainGroup = BD949E17296ED69B008B1C14;
			productRefGroup = BD949E21296ED69B008B1C14 /* Products */;
			projectDirPath = "";
			projectRoot = "";
			targets = (
				BD949E1F296ED69B008B1C14 /* MGM */,
			);
		};
/* End PBXProject section */

/* Begin PBXResourcesBuildPhase section */
		BD949E1E296ED69B008B1C14 /* Resources */ = {
			isa = PBXResourcesBuildPhase;
			buildActionMask = 2147483647;
			files = (
				BD949E30296ED69E008B1C14 /* LaunchScreen.storyboard in Resources */,
				BD949E2D296ED69E008B1C14 /* Assets.xcassets in Resources */,
				BD949E38296EE507008B1C14 /* Podfile in Resources */,
				BD949E2B296ED69B008B1C14 /* Main.storyboard in Resources */,
			);
			runOnlyForDeploymentPostprocessing = 0;
		};
/* End PBXResourcesBuildPhase section */

/* Begin PBXShellScriptBuildPhase section */
		80701464C70583CB6D2802FA /* [CP] Check Pods Manifest.lock */ = {
			isa = PBXShellScriptBuildPhase;
			buildActionMask = 2147483647;
			files = (
			);
			inputFileListPaths = (
			);
			inputPaths = (
				"${PODS_PODFILE_DIR_PATH}/Podfile.lock",
				"${PODS_ROOT}/Manifest.lock",
			);
			name = "[CP] Check Pods Manifest.lock";
			outputFileListPaths = (
			);
			outputPaths = (
				"$(DERIVED_FILE_DIR)/Pods-MGM-checkManifestLockResult.txt",
			);
			runOnlyForDeploymentPostprocessing = 0;
			shellPath = /bin/sh;
			shellScript = "diff \"${PODS_PODFILE_DIR_PATH}/Podfile.lock\" \"${PODS_ROOT}/Manifest.lock\" > /dev/null\nif [ $? != 0 ] ; then\n    # print error to STDERR\n    echo \"error: The sandbox is not in sync with the Podfile.lock. Run 'pod install' or update your CocoaPods installation.\" >&2\n    exit 1\nfi\n# This output is used by Xcode 'outputs' to avoid re-running this script phase.\necho \"SUCCESS\" > \"${SCRIPT_OUTPUT_FILE_0}\"\n";
			showEnvVarsInLog = 0;
		};
		9A530F9063ADDEDD49F24471 /* [CP] Embed Pods Frameworks */ = {
			isa = PBXShellScriptBuildPhase;
			buildActionMask = 2147483647;
			files = (
			);
			inputFileListPaths = (
				"${PODS_ROOT}/Target Support Files/Pods-MGM/Pods-MGM-frameworks-${CONFIGURATION}-input-files.xcfilelist",
			);
			name = "[CP] Embed Pods Frameworks";
			outputFileListPaths = (
				"${PODS_ROOT}/Target Support Files/Pods-MGM/Pods-MGM-frameworks-${CONFIGURATION}-output-files.xcfilelist",
			);
			runOnlyForDeploymentPostprocessing = 0;
			shellPath = /bin/sh;
			shellScript = "\"${PODS_ROOT}/Target Support Files/Pods-MGM/Pods-MGM-frameworks.sh\"\n";
			showEnvVarsInLog = 0;
		};
/* End PBXShellScriptBuildPhase section */

/* Begin PBXSourcesBuildPhase section */
		BD949E1C296ED69B008B1C14 /* Sources */ = {
			isa = PBXSourcesBuildPhase;
			buildActionMask = 2147483647;
			files = (
				BD949E46296F0E85008B1C14 /* UIView+.swift in Sources */,
				BD949E28296ED69B008B1C14 /* PreloaderController.swift in Sources */,
				BD949E24296ED69B008B1C14 /* AppDelegate.swift in Sources */,
				BD949E44296F0E6A008B1C14 /* UIScrollView+.swift in Sources */,
				BD949E3B296EF558008B1C14 /* PresentViewController.swift in Sources */,
				BD949E26296ED69B008B1C14 /* SceneDelegate.swift in Sources */,
			);
			runOnlyForDeploymentPostprocessing = 0;
		};
/* End PBXSourcesBuildPhase section */

/* Begin PBXVariantGroup section */
		BD949E29296ED69B008B1C14 /* Main.storyboard */ = {
			isa = PBXVariantGroup;
			children = (
				BD949E2A296ED69B008B1C14 /* Base */,
			);
			name = Main.storyboard;
			sourceTree = "<group>";
		};
		BD949E2E296ED69E008B1C14 /* LaunchScreen.storyboard */ = {
			isa = PBXVariantGroup;
			children = (
				BD949E2F296ED69E008B1C14 /* Base */,
			);
			name = LaunchScreen.storyboard;
			sourceTree = "<group>";
		};
/* End PBXVariantGroup section */

/* Begin XCBuildConfiguration section */
		BD949E32296ED69E008B1C14 /* Debug */ = {
			isa = XCBuildConfiguration;
			buildSettings = {
				ALWAYS_SEARCH_USER_PATHS = NO;
				CLANG_ANALYZER_NONNULL = YES;
				CLANG_ANALYZER_NUMBER_OBJECT_CONVERSION = YES_AGGRESSIVE;
				CLANG_CXX_LANGUAGE_STANDARD = "gnu++20";
				CLANG_ENABLE_MODULES = YES;
				CLANG_ENABLE_OBJC_ARC = YES;
				CLANG_ENABLE_OBJC_WEAK = YES;
				CLANG_WARN_BLOCK_CAPTURE_AUTORELEASING = YES;
				CLANG_WARN_BOOL_CONVERSION = YES;
				CLANG_WARN_COMMA = YES;
				CLANG_WARN_CONSTANT_CONVERSION = YES;
				CLANG_WARN_DEPRECATED_OBJC_IMPLEMENTATIONS = YES;
				CLANG_WARN_DIRECT_OBJC_ISA_USAGE = YES_ERROR;
				CLANG_WARN_DOCUMENTATION_COMMENTS = YES;
				CLANG_WARN_EMPTY_BODY = YES;
				CLANG_WARN_ENUM_CONVERSION = YES;
				CLANG_WARN_INFINITE_RECURSION = YES;
				CLANG_WARN_INT_CONVERSION = YES;
				CLANG_WARN_NON_LITERAL_NULL_CONVERSION = YES;
				CLANG_WARN_OBJC_IMPLICIT_RETAIN_SELF = YES;
				CLANG_WARN_OBJC_LITERAL_CONVERSION = YES;
				CLANG_WARN_OBJC_ROOT_CLASS = YES_ERROR;
				CLANG_WARN_QUOTED_INCLUDE_IN_FRAMEWORK_HEADER = YES;
				CLANG_WARN_RANGE_LOOP_ANALYSIS = YES;
				CLANG_WARN_STRICT_PROTOTYPES = YES;
				CLANG_WARN_SUSPICIOUS_MOVE = YES;
				CLANG_WARN_UNGUARDED_AVAILABILITY = YES_AGGRESSIVE;
				CLANG_WARN_UNREACHABLE_CODE = YES;
				CLANG_WARN__DUPLICATE_METHOD_MATCH = YES;
				COPY_PHASE_STRIP = NO;
				DEBUG_INFORMATION_FORMAT = dwarf;
				ENABLE_STRICT_OBJC_MSGSEND = YES;
				ENABLE_TESTABILITY = YES;
				GCC_C_LANGUAGE_STANDARD = gnu11;
				GCC_DYNAMIC_NO_PIC = NO;
				GCC_NO_COMMON_BLOCKS = YES;
				GCC_OPTIMIZATION_LEVEL = 0;
				GCC_PREPROCESSOR_DEFINITIONS = (
					"DEBUG=1",
					"$(inherited)",
				);
				GCC_WARN_64_TO_32_BIT_CONVERSION = YES;
				GCC_WARN_ABOUT_RETURN_TYPE = YES_ERROR;
				GCC_WARN_UNDECLARED_SELECTOR = YES;
				GCC_WARN_UNINITIALIZED_AUTOS = YES_AGGRESSIVE;
				GCC_WARN_UNUSED_FUNCTION = YES;
				GCC_WARN_UNUSED_VARIABLE = YES;
				IPHONEOS_DEPLOYMENT_TARGET = 16.0;
				MTL_ENABLE_DEBUG_INFO = INCLUDE_SOURCE;
				MTL_FAST_MATH = YES;
				ONLY_ACTIVE_ARCH = YES;
				SDKROOT = iphoneos;
				SWIFT_ACTIVE_COMPILATION_CONDITIONS = DEBUG;
				SWIFT_OPTIMIZATION_LEVEL = "-Onone";
			};
			name = Debug;
		};
		BD949E33296ED69E008B1C14 /* Release */ = {
			isa = XCBuildConfiguration;
			buildSettings = {
				ALWAYS_SEARCH_USER_PATHS = NO;
				CLANG_ANALYZER_NONNULL = YES;
				CLANG_ANALYZER_NUMBER_OBJECT_CONVERSION = YES_AGGRESSIVE;
				CLANG_CXX_LANGUAGE_STANDARD = "gnu++20";
				CLANG_ENABLE_MODULES = YES;
				CLANG_ENABLE_OBJC_ARC = YES;
				CLANG_ENABLE_OBJC_WEAK = YES;
				CLANG_WARN_BLOCK_CAPTURE_AUTORELEASING = YES;
				CLANG_WARN_BOOL_CONVERSION = YES;
				CLANG_WARN_COMMA = YES;
				CLANG_WARN_CONSTANT_CONVERSION = YES;
				CLANG_WARN_DEPRECATED_OBJC_IMPLEMENTATIONS = YES;
				CLANG_WARN_DIRECT_OBJC_ISA_USAGE = YES_ERROR;
				CLANG_WARN_DOCUMENTATION_COMMENTS = YES;
				CLANG_WARN_EMPTY_BODY = YES;
				CLANG_WARN_ENUM_CONVERSION = YES;
				CLANG_WARN_INFINITE_RECURSION = YES;
				CLANG_WARN_INT_CONVERSION = YES;
				CLANG_WARN_NON_LITERAL_NULL_CONVERSION = YES;
				CLANG_WARN_OBJC_IMPLICIT_RETAIN_SELF = YES;
				CLANG_WARN_OBJC_LITERAL_CONVERSION = YES;
				CLANG_WARN_OBJC_ROOT_CLASS = YES_ERROR;
				CLANG_WARN_QUOTED_INCLUDE_IN_FRAMEWORK_HEADER = YES;
				CLANG_WARN_RANGE_LOOP_ANALYSIS = YES;
				CLANG_WARN_STRICT_PROTOTYPES = YES;
				CLANG_WARN_SUSPICIOUS_MOVE = YES;
				CLANG_WARN_UNGUARDED_AVAILABILITY = YES_AGGRESSIVE;
				CLANG_WARN_UNREACHABLE_CODE = YES;
				CLANG_WARN__DUPLICATE_METHOD_MATCH = YES;
				COPY_PHASE_STRIP = NO;
				DEBUG_INFORMATION_FORMAT = "dwarf-with-dsym";
				ENABLE_NS_ASSERTIONS = NO;
				ENABLE_STRICT_OBJC_MSGSEND = YES;
				GCC_C_LANGUAGE_STANDARD = gnu11;
				GCC_NO_COMMON_BLOCKS = YES;
				GCC_WARN_64_TO_32_BIT_CONVERSION = YES;
				GCC_WARN_ABOUT_RETURN_TYPE = YES_ERROR;
				GCC_WARN_UNDECLARED_SELECTOR = YES;
				GCC_WARN_UNINITIALIZED_AUTOS = YES_AGGRESSIVE;
				GCC_WARN_UNUSED_FUNCTION = YES;
				GCC_WARN_UNUSED_VARIABLE = YES;
				IPHONEOS_DEPLOYMENT_TARGET = 16.0;
				MTL_ENABLE_DEBUG_INFO = NO;
				MTL_FAST_MATH = YES;
				SDKROOT = iphoneos;
				SWIFT_COMPILATION_MODE = wholemodule;
				SWIFT_OPTIMIZATION_LEVEL = "-O";
				VALIDATE_PRODUCT = YES;
			};
			name = Release;
		};
		BD949E35296ED69E008B1C14 /* Debug */ = {
			isa = XCBuildConfiguration;
			baseConfigurationReference = A8129B6208931FC146AC835E /* Pods-MGM.debug.xcconfig */;
			buildSettings = {
				ASSETCATALOG_COMPILER_APPICON_NAME = AppIcon;
				ASSETCATALOG_COMPILER_GLOBAL_ACCENT_COLOR_NAME = AccentColor;
				CODE_SIGN_STYLE = Automatic;
				CURRENT_PROJECT_VERSION = 1;
				DEVELOPMENT_TEAM = 6R59JHT6PY;
				GENERATE_INFOPLIST_FILE = YES;
				INFOPLIST_FILE = MGM/Info.plist;
				INFOPLIST_KEY_UIApplicationSupportsIndirectInputEvents = YES;
				INFOPLIST_KEY_UILaunchStoryboardName = LaunchScreen;
				INFOPLIST_KEY_UIMainStoryboardFile = Main;
				INFOPLIST_KEY_UISupportedInterfaceOrientations_iPad = "UIInterfaceOrientationPortrait UIInterfaceOrientationPortraitUpsideDown UIInterfaceOrientationLandscapeLeft UIInterfaceOrientationLandscapeRight";
				INFOPLIST_KEY_UISupportedInterfaceOrientations_iPhone = "UIInterfaceOrientationPortrait UIInterfaceOrientationLandscapeLeft UIInterfaceOrientationLandscapeRight";
				LD_RUNPATH_SEARCH_PATHS = (
					"$(inherited)",
					"@executable_path/Frameworks",
				);
				MARKETING_VERSION = 1.0;
				PRODUCT_BUNDLE_IDENTIFIER = drukstore.MGM;
				PRODUCT_NAME = "$(TARGET_NAME)";
				SWIFT_EMIT_LOC_STRINGS = YES;
				SWIFT_VERSION = 5.0;
				TARGETED_DEVICE_FAMILY = "1,2";
			};
			name = Debug;
		};
		BD949E36296ED69E008B1C14 /* Release */ = {
			isa = XCBuildConfiguration;
			baseConfigurationReference = 087EFD219A3D77B9B7956740 /* Pods-MGM.release.xcconfig */;
			buildSettings = {
				ASSETCATALOG_COMPILER_APPICON_NAME = AppIcon;
				ASSETCATALOG_COMPILER_GLOBAL_ACCENT_COLOR_NAME = AccentColor;
				CODE_SIGN_STYLE = Automatic;
				CURRENT_PROJECT_VERSION = 1;
				DEVELOPMENT_TEAM = 6R59JHT6PY;
				GENERATE_INFOPLIST_FILE = YES;
				INFOPLIST_FILE = MGM/Info.plist;
				INFOPLIST_KEY_UIApplicationSupportsIndirectInputEvents = YES;
				INFOPLIST_KEY_UILaunchStoryboardName = LaunchScreen;
				INFOPLIST_KEY_UIMainStoryboardFile = Main;
				INFOPLIST_KEY_UISupportedInterfaceOrientations_iPad = "UIInterfaceOrientationPortrait UIInterfaceOrientationPortraitUpsideDown UIInterfaceOrientationLandscapeLeft UIInterfaceOrientationLandscapeRight";
				INFOPLIST_KEY_UISupportedInterfaceOrientations_iPhone = "UIInterfaceOrientationPortrait UIInterfaceOrientationLandscapeLeft UIInterfaceOrientationLandscapeRight";
				LD_RUNPATH_SEARCH_PATHS = (
					"$(inherited)",
					"@executable_path/Frameworks",
				);
				MARKETING_VERSION = 1.0;
				PRODUCT_BUNDLE_IDENTIFIER = drukstore.MGM;
				PRODUCT_NAME = "$(TARGET_NAME)";
				SWIFT_EMIT_LOC_STRINGS = YES;
				SWIFT_VERSION = 5.0;
				TARGETED_DEVICE_FAMILY = "1,2";
			};
			name = Release;
		};
/* End XCBuildConfiguration section */

/* Begin XCConfigurationList section */
		BD949E1B296ED69B008B1C14 /* Build configuration list for PBXProject "MGM" */ = {
			isa = XCConfigurationList;
			buildConfigurations = (
				BD949E32296ED69E008B1C14 /* Debug */,
				BD949E33296ED69E008B1C14 /* Release */,
			);
			defaultConfigurationIsVisible = 0;
			defaultConfigurationName = Release;
		};
		BD949E34296ED69E008B1C14 /* Build configuration list for PBXNativeTarget "MGM" */ = {
			isa = XCConfigurationList;
			buildConfigurations = (
				BD949E35296ED69E008B1C14 /* Debug */,
				BD949E36296ED69E008B1C14 /* Release */,
			);
			defaultConfigurationIsVisible = 0;
			defaultConfigurationName = Release;
		};
/* End XCConfigurationList section */
	};
	rootObject = BD949E18296ED69B008B1C14 /* Project object */;
}
